
Microsoft Visual Studio Solution File, Format Version 12.00
# Visual Studio Version 17
VisualStudioVersion = 17.5.33627.172
MinimumVisualStudioVersion = 10.0.40219.1
Project("{FAE04EC0-301F-11D3-BF4B-00C04F79EFBC}") = "SwitchCase", "SwitchCase\SwitchCase.csproj", "{469D6C8B-F7BF-48AA-8CD8-50B7E2E31987}"
EndProject
Global
	GlobalSection(SolutionConfigurationPlatforms) = preSolution
		Debug|Any CPU = Debug|Any CPU
		Release|Any CPU = Release|Any CPU
	EndGlobalSection
	GlobalSection(ProjectConfigurationPlatforms) = postSolution
		{469D6C8B-F7BF-48AA-8CD8-50B7E2E31987}.Debug|Any CPU.ActiveCfg = Debug|Any CPU
		{469D6C8B-F7BF-48AA-8CD8-50B7E2E31987}.Debug|Any CPU.Build.0 = Debug|Any CPU
		{469D6C8B-F7BF-48AA-8CD8-50B7E2E31987}.Release|Any CPU.ActiveCfg = Release|Any CPU
		{469D6C8B-F7BF-48AA-8CD8-50B7E2E31987}.Release|Any CPU.Build.0 = Release|Any CPU
	EndGlobalSection
	GlobalSection(SolutionProperties) = preSolution
		HideSolutionNode = FALSE
	EndGlobalSection
	GlobalSection(ExtensibilityGlobals) = postSolution
		SolutionGuid = {7B896D89-5916-4709-A8D4-576765424D83}
	EndGlobalSection
EndGlobal
